// !$*UTF8*$!
{
	archiveVersion = 1;
	classes = {
	};
	objectVersion = 48;
	objects = {

/* Begin PBXBuildFile section */
		940622131FF1480E0071DFCA /* AppDelegate.swift in Sources */ = {isa = PBXBuildFile; fileRef = 940622121FF1480E0071DFCA /* AppDelegate.swift */; };
		940622151FF1480E0071DFCA /* ViewController.swift in Sources */ = {isa = PBXBuildFile; fileRef = 940622141FF1480E0071DFCA /* ViewController.swift */; };
		940622181FF1480E0071DFCA /* Main.storyboard in Resources */ = {isa = PBXBuildFile; fileRef = 940622161FF1480E0071DFCA /* Main.storyboard */; };
		9406221A1FF1480E0071DFCA /* Assets.xcassets in Resources */ = {isa = PBXBuildFile; fileRef = 940622191FF1480E0071DFCA /* Assets.xcassets */; };
		9406221D1FF1480E0071DFCA /* LaunchScreen.storyboard in Resources */ = {isa = PBXBuildFile; fileRef = 9406221B1FF1480E0071DFCA /* LaunchScreen.storyboard */; };
		940622281FF150A50071DFCA /* RoundButton.swift in Sources */ = {isa = PBXBuildFile; fileRef = 940622271FF150A50071DFCA /* RoundButton.swift */; };
		9406222A1FF155240071DFCA /* ShadowedImageVeiw.swift in Sources */ = {isa = PBXBuildFile; fileRef = 940622291FF155240071DFCA /* ShadowedImageVeiw.swift */; };
		9406222C1FF155F20071DFCA /* ParkingSpot.swift in Sources */ = {isa = PBXBuildFile; fileRef = 9406222B1FF155F20071DFCA /* ParkingSpot.swift */; };
		9406222F1FF16C9D0071DFCA /* LocationService.swift in Sources */ = {isa = PBXBuildFile; fileRef = 9406222E1FF16C9D0071DFCA /* LocationService.swift */; };
/* End PBXBuildFile section */

/* Begin PBXFileReference section */
		9406220F1FF1480E0071DFCA /* Park.ly.app */ = {isa = PBXFileReference; explicitFileType = wrapper.application; includeInIndex = 0; path = Park.ly.app; sourceTree = BUILT_PRODUCTS_DIR; };
		940622121FF1480E0071DFCA /* AppDelegate.swift */ = {isa = PBXFileReference; lastKnownFileType = sourcecode.swift; path = AppDelegate.swift; sourceTree = "<group>"; };
		940622141FF1480E0071DFCA /* ViewController.swift */ = {isa = PBXFileReference; lastKnownFileType = sourcecode.swift; path = ViewController.swift; sourceTree = "<group>"; };
		940622171FF1480E0071DFCA /* Base */ = {isa = PBXFileReference; lastKnownFileType = file.storyboard; name = Base; path = Base.lproj/Main.storyboard; sourceTree = "<group>"; };
		940622191FF1480E0071DFCA /* Assets.xcassets */ = {isa = PBXFileReference; lastKnownFileType = folder.assetcatalog; path = Assets.xcassets; sourceTree = "<group>"; };
		9406221C1FF1480E0071DFCA /* Base */ = {isa = PBXFileReference; lastKnownFileType = file.storyboard; name = Base; path = Base.lproj/LaunchScreen.storyboard; sourceTree = "<group>"; };
		9406221E1FF1480E0071DFCA /* Info.plist */ = {isa = PBXFileReference; lastKnownFileType = text.plist.xml; path = Info.plist; sourceTree = "<group>"; };
		940622271FF150A50071DFCA /* RoundButton.swift */ = {isa = PBXFileReference; lastKnownFileType = sourcecode.swift; path = RoundButton.swift; sourceTree = "<group>"; };
		940622291FF155240071DFCA /* ShadowedImageVeiw.swift */ = {isa = PBXFileReference; lastKnownFileType = sourcecode.swift; path = ShadowedImageVeiw.swift; sourceTree = "<group>"; };
		9406222B1FF155F20071DFCA /* ParkingSpot.swift */ = {isa = PBXFileReference; lastKnownFileType = sourcecode.swift; path = ParkingSpot.swift; sourceTree = "<group>"; };
		9406222E1FF16C9D0071DFCA /* LocationService.swift */ = {isa = PBXFileReference; lastKnownFileType = sourcecode.swift; path = LocationService.swift; sourceTree = "<group>"; };
/* End PBXFileReference section */

/* Begin PBXFrameworksBuildPhase section */
		9406220C1FF1480E0071DFCA /* Frameworks */ = {
			isa = PBXFrameworksBuildPhase;
			buildActionMask = 2147483647;
			files = (
			);
			runOnlyForDeploymentPostprocessing = 0;
		};
/* End PBXFrameworksBuildPhase section */

/* Begin PBXGroup section */
		940622061FF1480E0071DFCA = {
			isa = PBXGroup;
			children = (
				940622111FF1480E0071DFCA /* Park.ly */,
				940622101FF1480E0071DFCA /* Products */,
			);
			sourceTree = "<group>";
		};
		940622101FF1480E0071DFCA /* Products */ = {
			isa = PBXGroup;
			children = (
				9406220F1FF1480E0071DFCA /* Park.ly.app */,
			);
			name = Products;
			sourceTree = "<group>";
		};
		940622111FF1480E0071DFCA /* Park.ly */ = {
			isa = PBXGroup;
			children = (
				9406222D1FF16C780071DFCA /* Services */,
				940622261FF150220071DFCA /* Model */,
				940622251FF1501A0071DFCA /* View */,
				940622241FF150100071DFCA /* Controller */,
				940622121FF1480E0071DFCA /* AppDelegate.swift */,
				940622141FF1480E0071DFCA /* ViewController.swift */,
				940622161FF1480E0071DFCA /* Main.storyboard */,
				940622191FF1480E0071DFCA /* Assets.xcassets */,
				9406221B1FF1480E0071DFCA /* LaunchScreen.storyboard */,
				9406221E1FF1480E0071DFCA /* Info.plist */,
			);
			path = Park.ly;
			sourceTree = "<group>";
		};
		940622241FF150100071DFCA /* Controller */ = {
			isa = PBXGroup;
			children = (
			);
			path = Controller;
			sourceTree = "<group>";
		};
		940622251FF1501A0071DFCA /* View */ = {
			isa = PBXGroup;
			children = (
				940622271FF150A50071DFCA /* RoundButton.swift */,
				940622291FF155240071DFCA /* ShadowedImageVeiw.swift */,
			);
			path = View;
			sourceTree = "<group>";
		};
		940622261FF150220071DFCA /* Model */ = {
			isa = PBXGroup;
			children = (
				9406222B1FF155F20071DFCA /* ParkingSpot.swift */,
			);
			name = Model;
			path = "New Group";
			sourceTree = "<group>";
		};
		9406222D1FF16C780071DFCA /* Services */ = {
			isa = PBXGroup;
			children = (
				9406222E1FF16C9D0071DFCA /* LocationService.swift */,
			);
			path = Services;
			sourceTree = "<group>";
		};
/* End PBXGroup section */

/* Begin PBXNativeTarget section */
		9406220E1FF1480E0071DFCA /* Park.ly */ = {
			isa = PBXNativeTarget;
			buildConfigurationList = 940622211FF1480E0071DFCA /* Build configuration list for PBXNativeTarget "Park.ly" */;
			buildPhases = (
				9406220B1FF1480E0071DFCA /* Sources */,
				9406220C1FF1480E0071DFCA /* Frameworks */,
				9406220D1FF1480E0071DFCA /* Resources */,
			);
			buildRules = (
			);
			dependencies = (
			);
			name = Park.ly;
			productName = Park.ly;
			productReference = 9406220F1FF1480E0071DFCA /* Park.ly.app */;
			productType = "com.apple.product-type.application";
		};
/* End PBXNativeTarget section */

/* Begin PBXProject section */
		940622071FF1480E0071DFCA /* Project object */ = {
			isa = PBXProject;
			attributes = {
				LastSwiftUpdateCheck = 0920;
				LastUpgradeCheck = 0920;
				ORGANIZATIONNAME = "Roman Subrychak";
				TargetAttributes = {
					9406220E1FF1480E0071DFCA = {
						CreatedOnToolsVersion = 9.2;
						ProvisioningStyle = Automatic;
					};
				};
			};
			buildConfigurationList = 9406220A1FF1480E0071DFCA /* Build configuration list for PBXProject "Park.ly" */;
			compatibilityVersion = "Xcode 8.0";
			developmentRegion = en;
			hasScannedForEncodings = 0;
			knownRegions = (
				en,
				Base,
			);
			mainGroup = 940622061FF1480E0071DFCA;
			productRefGroup = 940622101FF1480E0071DFCA /* Products */;
			projectDirPath = "";
			projectRoot = "";
			targets = (
				9406220E1FF1480E0071DFCA /* Park.ly */,
			);
		};
/* End PBXProject section */

/* Begin PBXResourcesBuildPhase section */
		9406220D1FF1480E0071DFCA /* Resources */ = {
			isa = PBXResourcesBuildPhase;
			buildActionMask = 2147483647;
			files = (
				9406221D1FF1480E0071DFCA /* LaunchScreen.storyboard in Resources */,
				9406221A1FF1480E0071DFCA /* Assets.xcassets in Resources */,
				940622181FF1480E0071DFCA /* Main.storyboard in Resources */,
			);
			runOnlyForDeploymentPostprocessing = 0;
		};
/* End PBXResourcesBuildPhase section */

/* Begin PBXSourcesBuildPhase section */
		9406220B1FF1480E0071DFCA /* Sources */ = {
			isa = PBXSourcesBuildPhase;
			buildActionMask = 2147483647;
			files = (
				940622281FF150A50071DFCA /* RoundButton.swift in Sources */,
				940622151FF1480E0071DFCA /* ViewController.swift in Sources */,
				940622131FF1480E0071DFCA /* AppDelegate.swift in Sources */,
				9406222C1FF155F20071DFCA /* ParkingSpot.swift in Sources */,
				9406222F1FF16C9D0071DFCA /* LocationService.swift in Sources */,
				9406222A1FF155240071DFCA /* ShadowedImageVeiw.swift in Sources */,
			);
			runOnlyForDeploymentPostprocessing = 0;
		};
/* End PBXSourcesBuildPhase section */

/* Begin PBXVariantGroup section */
		940622161FF1480E0071DFCA /* Main.storyboard */ = {
			isa = PBXVariantGroup;
			children = (
				940622171FF1480E0071DFCA /* Base */,
			);
			name = Main.storyboard;
			sourceTree = "<group>";
		};
		9406221B1FF1480E0071DFCA /* LaunchScreen.storyboard */ = {
			isa = PBXVariantGroup;
			children = (
				9406221C1FF1480E0071DFCA /* Base */,
			);
			name = LaunchScreen.storyboard;
			sourceTree = "<group>";
		};
/* End PBXVariantGroup section */

/* Begin XCBuildConfiguration section */
		9406221F1FF1480E0071DFCA /* Debug */ = {
			isa = XCBuildConfiguration;
			buildSettings = {
				ALWAYS_SEARCH_USER_PATHS = NO;
				CLANG_ANALYZER_NONNULL = YES;
				CLANG_ANALYZER_NUMBER_OBJECT_CONVERSION = YES_AGGRESSIVE;
				CLANG_CXX_LANGUAGE_STANDARD = "gnu++14";
				CLANG_CXX_LIBRARY = "libc++";
				CLANG_ENABLE_MODULES = YES;
				CLANG_ENABLE_OBJC_ARC = YES;
				CLANG_WARN_BLOCK_CAPTURE_AUTORELEASING = YES;
				CLANG_WARN_BOOL_CONVERSION = YES;
				CLANG_WARN_COMMA = YES;
				CLANG_WARN_CONSTANT_CONVERSION = YES;
				CLANG_WARN_DIRECT_OBJC_ISA_USAGE = YES_ERROR;
				CLANG_WARN_DOCUMENTATION_COMMENTS = YES;
				CLANG_WARN_EMPTY_BODY = YES;
				CLANG_WARN_ENUM_CONVERSION = YES;
				CLANG_WARN_INFINITE_RECURSION = YES;
				CLANG_WARN_INT_CONVERSION = YES;
				CLANG_WARN_NON_LITERAL_NULL_CONVERSION = YES;
				CLANG_WARN_OBJC_LITERAL_CONVERSION = YES;
				CLANG_WARN_OBJC_ROOT_CLASS = YES_ERROR;
				CLANG_WARN_RANGE_LOOP_ANALYSIS = YES;
				CLANG_WARN_STRICT_PROTOTYPES = YES;
				CLANG_WARN_SUSPICIOUS_MOVE = YES;
				CLANG_WARN_UNGUARDED_AVAILABILITY = YES_AGGRESSIVE;
				CLANG_WARN_UNREACHABLE_CODE = YES;
				CLANG_WARN__DUPLICATE_METHOD_MATCH = YES;
				CODE_SIGN_IDENTITY = "iPhone Developer";
				COPY_PHASE_STRIP = NO;
				DEBUG_INFORMATION_FORMAT = dwarf;
				ENABLE_STRICT_OBJC_MSGSEND = YES;
				ENABLE_TESTABILITY = YES;
				GCC_C_LANGUAGE_STANDARD = gnu11;
				GCC_DYNAMIC_NO_PIC = NO;
				GCC_NO_COMMON_BLOCKS = YES;
				GCC_OPTIMIZATION_LEVEL = 0;
				GCC_PREPROCESSOR_DEFINITIONS = (
					"DEBUG=1",
					"$(inherited)",
				);
				GCC_WARN_64_TO_32_BIT_CONVERSION = YES;
				GCC_WARN_ABOUT_RETURN_TYPE = YES_ERROR;
				GCC_WARN_UNDECLARED_SELECTOR = YES;
				GCC_WARN_UNINITIALIZED_AUTOS = YES_AGGRESSIVE;
				GCC_WARN_UNUSED_FUNCTION = YES;
				GCC_WARN_UNUSED_VARIABLE = YES;
				IPHONEOS_DEPLOYMENT_TARGET = 11.2;
				MTL_ENABLE_DEBUG_INFO = YES;
				ONLY_ACTIVE_ARCH = YES;
				SDKROOT = iphoneos;
				SWIFT_ACTIVE_COMPILATION_CONDITIONS = DEBUG;
				SWIFT_OPTIMIZATION_LEVEL = "-Onone";
			};
			name = Debug;
		};
		940622201FF1480E0071DFCA /* Release */ = {
			isa = XCBuildConfiguration;
			buildSettings = {
				ALWAYS_SEARCH_USER_PATHS = NO;
				CLANG_ANALYZER_NONNULL = YES;
				CLANG_ANALYZER_NUMBER_OBJECT_CONVERSION = YES_AGGRESSIVE;
				CLANG_CXX_LANGUAGE_STANDARD = "gnu++14";
				CLANG_CXX_LIBRARY = "libc++";
				CLANG_ENABLE_MODULES = YES;
				CLANG_ENABLE_OBJC_ARC = YES;
				CLANG_WARN_BLOCK_CAPTURE_AUTORELEASING = YES;
				CLANG_WARN_BOOL_CONVERSION = YES;
				CLANG_WARN_COMMA = YES;
				CLANG_WARN_CONSTANT_CONVERSION = YES;
				CLANG_WARN_DIRECT_OBJC_ISA_USAGE = YES_ERROR;
				CLANG_WARN_DOCUMENTATION_COMMENTS = YES;
				CLANG_WARN_EMPTY_BODY = YES;
				CLANG_WARN_ENUM_CONVERSION = YES;
				CLANG_WARN_INFINITE_RECURSION = YES;
				CLANG_WARN_INT_CONVERSION = YES;
				CLANG_WARN_NON_LITERAL_NULL_CONVERSION = YES;
				CLANG_WARN_OBJC_LITERAL_CONVERSION = YES;
				CLANG_WARN_OBJC_ROOT_CLASS = YES_ERROR;
				CLANG_WARN_RANGE_LOOP_ANALYSIS = YES;
				CLANG_WARN_STRICT_PROTOTYPES = YES;
				CLANG_WARN_SUSPICIOUS_MOVE = YES;
				CLANG_WARN_UNGUARDED_AVAILABILITY = YES_AGGRESSIVE;
				CLANG_WARN_UNREACHABLE_CODE = YES;
				CLANG_WARN__DUPLICATE_METHOD_MATCH = YES;
				CODE_SIGN_IDENTITY = "iPhone Developer";
				COPY_PHASE_STRIP = NO;
				DEBUG_INFORMATION_FORMAT = "dwarf-with-dsym";
				ENABLE_NS_ASSERTIONS = NO;
				ENABLE_STRICT_OBJC_MSGSEND = YES;
				GCC_C_LANGUAGE_STANDARD = gnu11;
				GCC_NO_COMMON_BLOCKS = YES;
				GCC_WARN_64_TO_32_BIT_CONVERSION = YES;
				GCC_WARN_ABOUT_RETURN_TYPE = YES_ERROR;
				GCC_WARN_UNDECLARED_SELECTOR = YES;
				GCC_WARN_UNINITIALIZED_AUTOS = YES_AGGRESSIVE;
				GCC_WARN_UNUSED_FUNCTION = YES;
				GCC_WARN_UNUSED_VARIABLE = YES;
				IPHONEOS_DEPLOYMENT_TARGET = 11.2;
				MTL_ENABLE_DEBUG_INFO = NO;
				SDKROOT = iphoneos;
				SWIFT_OPTIMIZATION_LEVEL = "-Owholemodule";
				VALIDATE_PRODUCT = YES;
			};
			name = Release;
		};
		940622221FF1480E0071DFCA /* Debug */ = {
			isa = XCBuildConfiguration;
			buildSettings = {
				ASSETCATALOG_COMPILER_APPICON_NAME = AppIcon;
				CODE_SIGN_STYLE = Automatic;
				INFOPLIST_FILE = Park.ly/Info.plist;
				LD_RUNPATH_SEARCH_PATHS = "$(inherited) @executable_path/Frameworks";
				PRODUCT_BUNDLE_IDENTIFIER = "romanSubrychak.Park-ly";
				PRODUCT_NAME = "$(TARGET_NAME)";
				SWIFT_VERSION = 4.0;
				TARGETED_DEVICE_FAMILY = "1,2";
			};
			name = Debug;
		};
		940622231FF1480E0071DFCA /* Release */ = {
			isa = XCBuildConfiguration;
			buildSettings = {
				ASSETCATALOG_COMPILER_APPICON_NAME = AppIcon;
				CODE_SIGN_STYLE = Automatic;
				INFOPLIST_FILE = Park.ly/Info.plist;
				LD_RUNPATH_SEARCH_PATHS = "$(inherited) @executable_path/Frameworks";
				PRODUCT_BUNDLE_IDENTIFIER = "romanSubrychak.Park-ly";
				PRODUCT_NAME = "$(TARGET_NAME)";
				SWIFT_VERSION = 4.0;
				TARGETED_DEVICE_FAMILY = "1,2";
			};
			name = Release;
		};
/* End XCBuildConfiguration section */

/* Begin XCConfigurationList section */
		9406220A1FF1480E0071DFCA /* Build configuration list for PBXProject "Park.ly" */ = {
			isa = XCConfigurationList;
			buildConfigurations = (
				9406221F1FF1480E0071DFCA /* Debug */,
				940622201FF1480E0071DFCA /* Release */,
			);
			defaultConfigurationIsVisible = 0;
			defaultConfigurationName = Release;
		};
		940622211FF1480E0071DFCA /* Build configuration list for PBXNativeTarget "Park.ly" */ = {
			isa = XCConfigurationList;
			buildConfigurations = (
				940622221FF1480E0071DFCA /* Debug */,
				940622231FF1480E0071DFCA /* Release */,
			);
			defaultConfigurationIsVisible = 0;
			defaultConfigurationName = Release;
		};
/* End XCConfigurationList section */
	};
	rootObject = 940622071FF1480E0071DFCA /* Project object */;
}
